
Microsoft Visual Studio Solution File, Format Version 12.00
# Visual Studio Version 17
VisualStudioVersion = 17.1.32210.238
MinimumVisualStudioVersion = 10.0.40219.1
Project("{FAE04EC0-301F-11D3-BF4B-00C04F79EFBC}") = "ThomasMathers.Infrastructure.Email", "ThomasMathers.Infrastructure.Email\ThomasMathers.Infrastructure.Email.csproj", "{293DCF50-BBCB-474F-9AB7-32FE6842F90C}"
EndProject
Project("{FAE04EC0-301F-11D3-BF4B-00C04F79EFBC}") = "ThomasMathers.Infrastructure.Email.Tests", "ThomasMathers.Infrastructure.Email.Tests\ThomasMathers.Infrastructure.Email.Tests.csproj", "{BBE02D18-4016-40EA-A080-66A16180257F}"
EndProject
Global
	GlobalSection(SolutionConfigurationPlatforms) = preSolution
		Debug|Any CPU = Debug|Any CPU
		Release|Any CPU = Release|Any CPU
	EndGlobalSection
	GlobalSection(ProjectConfigurationPlatforms) = postSolution
		{293DCF50-BBCB-474F-9AB7-32FE6842F90C}.Debug|Any CPU.ActiveCfg = Debug|Any CPU
		{293DCF50-BBCB-474F-9AB7-32FE6842F90C}.Debug|Any CPU.Build.0 = Debug|Any CPU
		{293DCF50-BBCB-474F-9AB7-32FE6842F90C}.Release|Any CPU.ActiveCfg = Release|Any CPU
		{293DCF50-BBCB-474F-9AB7-32FE6842F90C}.Release|Any CPU.Build.0 = Release|Any CPU
		{BBE02D18-4016-40EA-A080-66A16180257F}.Debug|Any CPU.ActiveCfg = Debug|Any CPU
		{BBE02D18-4016-40EA-A080-66A16180257F}.Debug|Any CPU.Build.0 = Debug|Any CPU
		{BBE02D18-4016-40EA-A080-66A16180257F}.Release|Any CPU.ActiveCfg = Release|Any CPU
		{BBE02D18-4016-40EA-A080-66A16180257F}.Release|Any CPU.Build.0 = Release|Any CPU
	EndGlobalSection
	GlobalSection(SolutionProperties) = preSolution
		HideSolutionNode = FALSE
	EndGlobalSection
	GlobalSection(ExtensibilityGlobals) = postSolution
		SolutionGuid = {CAD2A85D-7364-4056-B5A1-5D505DED89E8}
	EndGlobalSection
EndGlobal
